
Microsoft Visual Studio Solution File, Format Version 12.00
# Visual Studio Version 16
VisualStudioVersion = 16.0.30717.126
MinimumVisualStudioVersion = 10.0.40219.1
Project("{FAE04EC0-301F-11D3-BF4B-00C04F79EFBC}") = "AvatarLabTask", "AvatarLabTask\AvatarLabTask.csproj", "{F74CAA35-5B88-4496-A457-58FCAFA92285}"
EndProject
Global
	GlobalSection(SolutionConfigurationPlatforms) = preSolution
		Debug|Any CPU = Debug|Any CPU
		Release|Any CPU = Release|Any CPU
	EndGlobalSection
	GlobalSection(ProjectConfigurationPlatforms) = postSolution
		{F74CAA35-5B88-4496-A457-58FCAFA92285}.Debug|Any CPU.ActiveCfg = Debug|Any CPU
		{F74CAA35-5B88-4496-A457-58FCAFA92285}.Debug|Any CPU.Build.0 = Debug|Any CPU
		{F74CAA35-5B88-4496-A457-58FCAFA92285}.Release|Any CPU.ActiveCfg = Release|Any CPU
		{F74CAA35-5B88-4496-A457-58FCAFA92285}.Release|Any CPU.Build.0 = Release|Any CPU
	EndGlobalSection
	GlobalSection(SolutionProperties) = preSolution
		HideSolutionNode = FALSE
	EndGlobalSection
	GlobalSection(ExtensibilityGlobals) = postSolution
		SolutionGuid = {F7BDEA95-B0DE-40A8-970E-120A3697C15C}
	EndGlobalSection
EndGlobal
